
Microsoft Visual Studio Solution File, Format Version 12.00
# Visual Studio Version 17
VisualStudioVersion = 17.10.35004.147
MinimumVisualStudioVersion = 10.0.40219.1
Project("{FAE04EC0-301F-11D3-BF4B-00C04F79EFBC}") = "ContoDay3", "ContoDay3\ContoDay3.csproj", "{81319389-BC53-4BEC-BC3F-864BB7D728C2}"
EndProject
Global
	GlobalSection(SolutionConfigurationPlatforms) = preSolution
		Debug|Any CPU = Debug|Any CPU
		Release|Any CPU = Release|Any CPU
	EndGlobalSection
	GlobalSection(ProjectConfigurationPlatforms) = postSolution
		{81319389-BC53-4BEC-BC3F-864BB7D728C2}.Debug|Any CPU.ActiveCfg = Debug|Any CPU
		{81319389-BC53-4BEC-BC3F-864BB7D728C2}.Debug|Any CPU.Build.0 = Debug|Any CPU
		{81319389-BC53-4BEC-BC3F-864BB7D728C2}.Release|Any CPU.ActiveCfg = Release|Any CPU
		{81319389-BC53-4BEC-BC3F-864BB7D728C2}.Release|Any CPU.Build.0 = Release|Any CPU
	EndGlobalSection
	GlobalSection(SolutionProperties) = preSolution
		HideSolutionNode = FALSE
	EndGlobalSection
	GlobalSection(ExtensibilityGlobals) = postSolution
		SolutionGuid = {D14B4ED5-EE05-4AEC-90ED-259551ECB217}
	EndGlobalSection
EndGlobal
